
Microsoft Visual Studio Solution File, Format Version 12.00
# Visual Studio Version 16
VisualStudioVersion = 16.0.35931.194
MinimumVisualStudioVersion = 10.0.40219.1
Project("{FAE04EC0-301F-11D3-BF4B-00C04F79EFBC}") = "WebApplication2", "WebApplication2.csproj", "{23CA8065-D16D-4948-9C7B-B12F36DA345D}"
EndProject
Global
	GlobalSection(SolutionConfigurationPlatforms) = preSolution
		Debug|Any CPU = Debug|Any CPU
		Release|Any CPU = Release|Any CPU
	EndGlobalSection
	GlobalSection(ProjectConfigurationPlatforms) = postSolution
		{23CA8065-D16D-4948-9C7B-B12F36DA345D}.Debug|Any CPU.ActiveCfg = Debug|Any CPU
		{23CA8065-D16D-4948-9C7B-B12F36DA345D}.Debug|Any CPU.Build.0 = Debug|Any CPU
		{23CA8065-D16D-4948-9C7B-B12F36DA345D}.Release|Any CPU.ActiveCfg = Release|Any CPU
		{23CA8065-D16D-4948-9C7B-B12F36DA345D}.Release|Any CPU.Build.0 = Release|Any CPU
	EndGlobalSection
	GlobalSection(SolutionProperties) = preSolution
		HideSolutionNode = FALSE
	EndGlobalSection
	GlobalSection(ExtensibilityGlobals) = postSolution
		SolutionGuid = {D12066A8-2E8F-4FA5-A134-08010169C548}
	EndGlobalSection
EndGlobal
